
Microsoft Visual Studio Solution File, Format Version 12.00
# Visual Studio 15
VisualStudioVersion = 15.0.27130.2010
MinimumVisualStudioVersion = 10.0.40219.1
Project("{9A19103F-16F7-4668-BE54-9A1E7A4F7556}") = "ConsulSelfRegistration", "ConsulSelfRegistration\ConsulSelfRegistration.csproj", "{B88BDDDB-97F7-47E7-8244-C04D94162D9B}"
EndProject
Project("{FAE04EC0-301F-11D3-BF4B-00C04F79EFBC}") = "ConsulSelfRegistration.Tests", "ConsulSelfRegistration.Tests\ConsulSelfRegistration.Tests.csproj", "{757B3448-619C-4C7B-8552-051E9D662AA0}"
EndProject
Global
	GlobalSection(SolutionConfigurationPlatforms) = preSolution
		Debug|Any CPU = Debug|Any CPU
		Release|Any CPU = Release|Any CPU
	EndGlobalSection
	GlobalSection(ProjectConfigurationPlatforms) = postSolution
		{B88BDDDB-97F7-47E7-8244-C04D94162D9B}.Debug|Any CPU.ActiveCfg = Debug|Any CPU
		{B88BDDDB-97F7-47E7-8244-C04D94162D9B}.Debug|Any CPU.Build.0 = Debug|Any CPU
		{B88BDDDB-97F7-47E7-8244-C04D94162D9B}.Release|Any CPU.ActiveCfg = Release|Any CPU
		{B88BDDDB-97F7-47E7-8244-C04D94162D9B}.Release|Any CPU.Build.0 = Release|Any CPU
		{757B3448-619C-4C7B-8552-051E9D662AA0}.Debug|Any CPU.ActiveCfg = Debug|Any CPU
		{757B3448-619C-4C7B-8552-051E9D662AA0}.Debug|Any CPU.Build.0 = Debug|Any CPU
		{757B3448-619C-4C7B-8552-051E9D662AA0}.Release|Any CPU.ActiveCfg = Release|Any CPU
		{757B3448-619C-4C7B-8552-051E9D662AA0}.Release|Any CPU.Build.0 = Release|Any CPU
	EndGlobalSection
	GlobalSection(SolutionProperties) = preSolution
		HideSolutionNode = FALSE
	EndGlobalSection
	GlobalSection(ExtensibilityGlobals) = postSolution
		SolutionGuid = {2D33B6BF-F473-4318-87B7-B1C85AB02C0F}
	EndGlobalSection
EndGlobal
